{
  "originHash" : "328dbae07eb41ca886490633fb3bb0aa4873f4c3f9465d3688a1fd7f082a3efb",
  "pins" : [
    {
      "identity" : "cxshim",
      "kind" : "remoteSourceControl",
      "location" : "https://github.com/cx-org/CXShim",
      "state" : {
        "revision" : "82fecc246c7ca9f0ac1656b8199b7956e64d68f3",
        "version" : "0.4.0"
      }
    },
    {
      "identity" : "opencombine",
      "kind" : "remoteSourceControl",
      "location" : "https://github.com/broadwaylamb/OpenCombine",
      "state" : {
        "revision" : "28993ae57de5a4ea7e164787636cafad442d568c",
        "version" : "0.12.0"
      }
    }
  ],
  "version" : 3
}
