{
  "originHash" : "a03554b80d028bff3795c1dc7a0d5e23dfa1ebb94a161c251f7c03b26df5c66d",
  "pins" : [
    {
      "identity" : "opencombine",
      "kind" : "remoteSourceControl",
      "location" : "https://github.com/alloverse/OpenCombine.git",
      "state" : {
        "branch" : "fix/vision-support",
        "revision" : "2776871d800343218733c703a191b5a206410071"
      }
    }
  ],
  "version" : 3
}
